# THIS IS AN AUTOGENERATED FILE. DO NOT EDIT THIS FILE DIRECTLY.
# yarn lockfile v1


"zenn-cli@^0.1.119":
  "integrity" "sha512-28qcKbrsZp0zHJJvXgUQlvOmcMIvBfJeyRBk17DFfcuvFykR0KiJcBuFyRQPINi2a2x3jJ8yyjyzIOCb2HmTmQ=="
  "resolved" "https://registry.npmjs.org/zenn-cli/-/zenn-cli-0.1.119.tgz"
  "version" "0.1.119"
