# THIS IS AN AUTOGENERATED FILE. DO NOT EDIT THIS FILE DIRECTLY.
# yarn lockfile v1


"zenn-cli@^0.1.115":
  "integrity" "sha512-yy4CktogzgjEdBZzsVw1Lml8z5LMFfqZqe/odDaCdtQvKDgDHwxjSVhJNco15kChbzA2ySBD9Fjy3y8aObHHQg=="
  "resolved" "https://registry.npmjs.org/zenn-cli/-/zenn-cli-0.1.115.tgz"
  "version" "0.1.115"
